
Microsoft Visual Studio Solution File, Format Version 12.00
# Visual Studio Version 17
VisualStudioVersion = 17.10.34916.146
MinimumVisualStudioVersion = 10.0.40219.1
Project("{FAE04EC0-301F-11D3-BF4B-00C04F79EFBC}") = "BulkyWeb", "BulkyWeb\BulkyWeb.csproj", "{636511A8-5D09-4FB7-8A73-6F96D8465A63}"
EndProject
Global
	GlobalSection(SolutionConfigurationPlatforms) = preSolution
		Debug|Any CPU = Debug|Any CPU
		Release|Any CPU = Release|Any CPU
	EndGlobalSection
	GlobalSection(ProjectConfigurationPlatforms) = postSolution
		{636511A8-5D09-4FB7-8A73-6F96D8465A63}.Debug|Any CPU.ActiveCfg = Debug|Any CPU
		{636511A8-5D09-4FB7-8A73-6F96D8465A63}.Debug|Any CPU.Build.0 = Debug|Any CPU
		{636511A8-5D09-4FB7-8A73-6F96D8465A63}.Release|Any CPU.ActiveCfg = Release|Any CPU
		{636511A8-5D09-4FB7-8A73-6F96D8465A63}.Release|Any CPU.Build.0 = Release|Any CPU
	EndGlobalSection
	GlobalSection(SolutionProperties) = preSolution
		HideSolutionNode = FALSE
	EndGlobalSection
	GlobalSection(ExtensibilityGlobals) = postSolution
		SolutionGuid = {B7803D32-7684-4AD3-862A-5D8A8D8D08A0}
	EndGlobalSection
EndGlobal
