
Microsoft Visual Studio Solution File, Format Version 12.00
# Visual Studio Version 17
VisualStudioVersion = 17.10.34916.146
MinimumVisualStudioVersion = 10.0.40219.1
Project("{9A19103F-16F7-4668-BE54-9A1E7A4F7556}") = "BulkyWeb", "BulkyWeb\BulkyWeb.csproj", "{636511A8-5D09-4FB7-8A73-6F96D8465A63}"
EndProject
Project("{FAE04EC0-301F-11D3-BF4B-00C04F79EFBC}") = "Bulky.DataAccess", "Bulky.DataAccsess\Bulky.DataAccess.csproj", "{0AB0CC48-7BF5-4A88-8030-91CC2F036F93}"
EndProject
Project("{FAE04EC0-301F-11D3-BF4B-00C04F79EFBC}") = "Bulky.Models", "Bulky.Models\Bulky.Models.csproj", "{E8097B8B-2D95-4D3E-9CA2-0AE7B8AAAFE6}"
EndProject
Project("{FAE04EC0-301F-11D3-BF4B-00C04F79EFBC}") = "Bulky.Utility", "Bulky.Utility\Bulky.Utility.csproj", "{2BB15ABE-699B-4804-9409-4D9CF5BAE56D}"
EndProject
Global
	GlobalSection(SolutionConfigurationPlatforms) = preSolution
		Debug|Any CPU = Debug|Any CPU
		Release|Any CPU = Release|Any CPU
	EndGlobalSection
	GlobalSection(ProjectConfigurationPlatforms) = postSolution
		{636511A8-5D09-4FB7-8A73-6F96D8465A63}.Debug|Any CPU.ActiveCfg = Debug|Any CPU
		{636511A8-5D09-4FB7-8A73-6F96D8465A63}.Debug|Any CPU.Build.0 = Debug|Any CPU
		{636511A8-5D09-4FB7-8A73-6F96D8465A63}.Release|Any CPU.ActiveCfg = Release|Any CPU
		{636511A8-5D09-4FB7-8A73-6F96D8465A63}.Release|Any CPU.Build.0 = Release|Any CPU
		{0AB0CC48-7BF5-4A88-8030-91CC2F036F93}.Debug|Any CPU.ActiveCfg = Debug|Any CPU
		{0AB0CC48-7BF5-4A88-8030-91CC2F036F93}.Debug|Any CPU.Build.0 = Debug|Any CPU
		{0AB0CC48-7BF5-4A88-8030-91CC2F036F93}.Release|Any CPU.ActiveCfg = Release|Any CPU
		{0AB0CC48-7BF5-4A88-8030-91CC2F036F93}.Release|Any CPU.Build.0 = Release|Any CPU
		{E8097B8B-2D95-4D3E-9CA2-0AE7B8AAAFE6}.Debug|Any CPU.ActiveCfg = Debug|Any CPU
		{E8097B8B-2D95-4D3E-9CA2-0AE7B8AAAFE6}.Debug|Any CPU.Build.0 = Debug|Any CPU
		{E8097B8B-2D95-4D3E-9CA2-0AE7B8AAAFE6}.Release|Any CPU.ActiveCfg = Release|Any CPU
		{E8097B8B-2D95-4D3E-9CA2-0AE7B8AAAFE6}.Release|Any CPU.Build.0 = Release|Any CPU
		{2BB15ABE-699B-4804-9409-4D9CF5BAE56D}.Debug|Any CPU.ActiveCfg = Debug|Any CPU
		{2BB15ABE-699B-4804-9409-4D9CF5BAE56D}.Debug|Any CPU.Build.0 = Debug|Any CPU
		{2BB15ABE-699B-4804-9409-4D9CF5BAE56D}.Release|Any CPU.ActiveCfg = Release|Any CPU
		{2BB15ABE-699B-4804-9409-4D9CF5BAE56D}.Release|Any CPU.Build.0 = Release|Any CPU
	EndGlobalSection
	GlobalSection(SolutionProperties) = preSolution
		HideSolutionNode = FALSE
	EndGlobalSection
	GlobalSection(ExtensibilityGlobals) = postSolution
		SolutionGuid = {B7803D32-7684-4AD3-862A-5D8A8D8D08A0}
	EndGlobalSection
EndGlobal
